
Microsoft Visual Studio Solution File, Format Version 12.00
# Visual Studio 14
VisualStudioVersion = 14.0.25123.0
MinimumVisualStudioVersion = 10.0.40219.1
Project("{FAE04EC0-301F-11D3-BF4B-00C04F79EFBC}") = "MonoGame.Framework.WindowsGL", "Dependencies\MonoGame\MonoGame.Framework\MonoGame.Framework.WindowsGL.csproj", "{6D75E618-19CA-4C51-9546-F10965FBC0B8}"
EndProject
Project("{FAE04EC0-301F-11D3-BF4B-00C04F79EFBC}") = "MonoGame.Framework.Net.WindowsGL", "Dependencies\MonoGame\MonoGame.Framework\MonoGame.Framework.Net.WindowsGL.csproj", "{6D6009F4-0AFB-4806-89D7-7945F20270F5}"
EndProject
Project("{FAE04EC0-301F-11D3-BF4B-00C04F79EFBC}") = "MonoGame.Framework.Content.Pipeline.Windows", "Dependencies\MonoGame\MonoGame.Framework.Content.Pipeline\MonoGame.Framework.Content.Pipeline.Windows.csproj", "{B950DE10-AC5D-4BD9-B817-51247C4A732D}"
EndProject
Project("{FAE04EC0-301F-11D3-BF4B-00C04F79EFBC}") = "Pipeline.Windows", "Dependencies\MonoGame\Tools\Pipeline\Pipeline.Windows.csproj", "{65706950-696C-656E-2E57-696E646F7773}"
EndProject
Project("{FAE04EC0-301F-11D3-BF4B-00C04F79EFBC}") = "MGCB.Windows", "Dependencies\MonoGame\Tools\MGCB\MGCB.Windows.csproj", "{4243474D-572E-6E69-646F-77734D474342}"
EndProject
Project("{FAE04EC0-301F-11D3-BF4B-00C04F79EFBC}") = "2MGFX.Windows", "Dependencies\MonoGame\Tools\2MGFX\2MGFX.Windows.csproj", "{46474D32-2E58-6957-6E64-6F7773324D47}"
EndProject
Project("{FAE04EC0-301F-11D3-BF4B-00C04F79EFBC}") = "Lidgren.Network.WindowsGL", "Dependencies\MonoGame\ThirdParty\Lidgren.Network\Lidgren.Network.WindowsGL.csproj", "{AE483C29-042E-4226-BA52-D247CE7676DA}"
EndProject
Global
	GlobalSection(SolutionConfigurationPlatforms) = preSolution
		Debug|Any CPU = Debug|Any CPU
		Release|Any CPU = Release|Any CPU
	EndGlobalSection
	GlobalSection(ProjectConfigurationPlatforms) = postSolution
		{6D75E618-19CA-4C51-9546-F10965FBC0B8}.Debug|Any CPU.ActiveCfg = Debug|Any CPU
		{6D75E618-19CA-4C51-9546-F10965FBC0B8}.Debug|Any CPU.Build.0 = Debug|Any CPU
		{6D75E618-19CA-4C51-9546-F10965FBC0B8}.Release|Any CPU.ActiveCfg = Release|Any CPU
		{6D75E618-19CA-4C51-9546-F10965FBC0B8}.Release|Any CPU.Build.0 = Release|Any CPU
		{6D6009F4-0AFB-4806-89D7-7945F20270F5}.Debug|Any CPU.ActiveCfg = Debug|Any CPU
		{6D6009F4-0AFB-4806-89D7-7945F20270F5}.Debug|Any CPU.Build.0 = Debug|Any CPU
		{6D6009F4-0AFB-4806-89D7-7945F20270F5}.Release|Any CPU.ActiveCfg = Release|Any CPU
		{6D6009F4-0AFB-4806-89D7-7945F20270F5}.Release|Any CPU.Build.0 = Release|Any CPU
		{B950DE10-AC5D-4BD9-B817-51247C4A732D}.Debug|Any CPU.ActiveCfg = Debug|Any CPU
		{B950DE10-AC5D-4BD9-B817-51247C4A732D}.Debug|Any CPU.Build.0 = Debug|Any CPU
		{B950DE10-AC5D-4BD9-B817-51247C4A732D}.Release|Any CPU.ActiveCfg = Release|Any CPU
		{B950DE10-AC5D-4BD9-B817-51247C4A732D}.Release|Any CPU.Build.0 = Release|Any CPU
		{65706950-696C-656E-2E57-696E646F7773}.Debug|Any CPU.ActiveCfg = Debug|Any CPU
		{65706950-696C-656E-2E57-696E646F7773}.Debug|Any CPU.Build.0 = Debug|Any CPU
		{65706950-696C-656E-2E57-696E646F7773}.Release|Any CPU.ActiveCfg = Release|Any CPU
		{65706950-696C-656E-2E57-696E646F7773}.Release|Any CPU.Build.0 = Release|Any CPU
		{4243474D-572E-6E69-646F-77734D474342}.Debug|Any CPU.ActiveCfg = Debug|Any CPU
		{4243474D-572E-6E69-646F-77734D474342}.Debug|Any CPU.Build.0 = Debug|Any CPU
		{4243474D-572E-6E69-646F-77734D474342}.Release|Any CPU.ActiveCfg = Release|Any CPU
		{4243474D-572E-6E69-646F-77734D474342}.Release|Any CPU.Build.0 = Release|Any CPU
		{46474D32-2E58-6957-6E64-6F7773324D47}.Debug|Any CPU.ActiveCfg = Debug|Any CPU
		{46474D32-2E58-6957-6E64-6F7773324D47}.Debug|Any CPU.Build.0 = Debug|Any CPU
		{46474D32-2E58-6957-6E64-6F7773324D47}.Release|Any CPU.ActiveCfg = Release|Any CPU
		{46474D32-2E58-6957-6E64-6F7773324D47}.Release|Any CPU.Build.0 = Release|Any CPU
		{AE483C29-042E-4226-BA52-D247CE7676DA}.Debug|Any CPU.ActiveCfg = Debug|Any CPU
		{AE483C29-042E-4226-BA52-D247CE7676DA}.Debug|Any CPU.Build.0 = Debug|Any CPU
		{AE483C29-042E-4226-BA52-D247CE7676DA}.Release|Any CPU.ActiveCfg = Release|Any CPU
		{AE483C29-042E-4226-BA52-D247CE7676DA}.Release|Any CPU.Build.0 = Release|Any CPU
	EndGlobalSection
	GlobalSection(SolutionProperties) = preSolution
		HideSolutionNode = FALSE
	EndGlobalSection
EndGlobal
